
Microsoft Visual Studio Solution File, Format Version 12.00
# Visual Studio 15
VisualStudioVersion = 15.0.27703.1
MinimumVisualStudioVersion = 10.0.40219.1
Project("{8BC9CEB8-8B4A-11D0-8D11-00A0C91BC942}") = "UnionFindPathCompression", "UnionFindPathCompression\UnionFindPathCompression.vcxproj", "{9D18A1B1-4F11-4331-A6F9-378B469251EC}"
EndProject
Global
	GlobalSection(SolutionConfigurationPlatforms) = preSolution
		Debug|x64 = Debug|x64
		Debug|x86 = Debug|x86
		Release|x64 = Release|x64
		Release|x86 = Release|x86
	EndGlobalSection
	GlobalSection(ProjectConfigurationPlatforms) = postSolution
		{9D18A1B1-4F11-4331-A6F9-378B469251EC}.Debug|x64.ActiveCfg = Debug|x64
		{9D18A1B1-4F11-4331-A6F9-378B469251EC}.Debug|x64.Build.0 = Debug|x64
		{9D18A1B1-4F11-4331-A6F9-378B469251EC}.Debug|x86.ActiveCfg = Debug|Win32
		{9D18A1B1-4F11-4331-A6F9-378B469251EC}.Debug|x86.Build.0 = Debug|Win32
		{9D18A1B1-4F11-4331-A6F9-378B469251EC}.Release|x64.ActiveCfg = Release|x64
		{9D18A1B1-4F11-4331-A6F9-378B469251EC}.Release|x64.Build.0 = Release|x64
		{9D18A1B1-4F11-4331-A6F9-378B469251EC}.Release|x86.ActiveCfg = Release|Win32
		{9D18A1B1-4F11-4331-A6F9-378B469251EC}.Release|x86.Build.0 = Release|Win32
	EndGlobalSection
	GlobalSection(SolutionProperties) = preSolution
		HideSolutionNode = FALSE
	EndGlobalSection
	GlobalSection(ExtensibilityGlobals) = postSolution
		SolutionGuid = {F5FBB929-BE0E-4ABD-A896-1CF50C3B9685}
	EndGlobalSection
EndGlobal
